
Microsoft Visual Studio Solution File, Format Version 10.00
# Visual Studio 2008
Project("{4F174C21-8C12-11D0-8340-0000F80270F8}") = "RFID_ce_db", "PhysicalDiagram\RFID_ce_db.dbp", "{F782BEC7-83D3-46D3-AA18-08E97491D1F5}"
EndProject
Global
	GlobalSection(SolutionProperties) = preSolution
		HideSolutionNode = FALSE
	EndGlobalSection
EndGlobal
